
Microsoft Visual Studio Solution File, Format Version 12.00
# Visual Studio Version 17
VisualStudioVersion = 17.13.35828.75
MinimumVisualStudioVersion = 10.0.40219.1
Project("{FAE04EC0-301F-11D3-BF4B-00C04F79EFBC}") = "ForumProject", "ForumProject\ForumProject.csproj", "{12DF2DAF-A86B-430C-9008-BCE54E7191CF}"
EndProject
Project("{FAE04EC0-301F-11D3-BF4B-00C04F79EFBC}") = "ForumProject.MLApi", "ForumProject.MLApi\ForumProject.MLApi.csproj", "{2B35C873-DCBC-4B18-A10E-0DD1DF5CD310}"
EndProject
Global
	GlobalSection(SolutionConfigurationPlatforms) = preSolution
		Debug|Any CPU = Debug|Any CPU
		Release|Any CPU = Release|Any CPU
	EndGlobalSection
	GlobalSection(ProjectConfigurationPlatforms) = postSolution
		{12DF2DAF-A86B-430C-9008-BCE54E7191CF}.Debug|Any CPU.ActiveCfg = Debug|Any CPU
		{12DF2DAF-A86B-430C-9008-BCE54E7191CF}.Debug|Any CPU.Build.0 = Debug|Any CPU
		{12DF2DAF-A86B-430C-9008-BCE54E7191CF}.Release|Any CPU.ActiveCfg = Release|Any CPU
		{12DF2DAF-A86B-430C-9008-BCE54E7191CF}.Release|Any CPU.Build.0 = Release|Any CPU
		{2B35C873-DCBC-4B18-A10E-0DD1DF5CD310}.Debug|Any CPU.ActiveCfg = Debug|Any CPU
		{2B35C873-DCBC-4B18-A10E-0DD1DF5CD310}.Debug|Any CPU.Build.0 = Debug|Any CPU
		{2B35C873-DCBC-4B18-A10E-0DD1DF5CD310}.Release|Any CPU.ActiveCfg = Release|Any CPU
		{2B35C873-DCBC-4B18-A10E-0DD1DF5CD310}.Release|Any CPU.Build.0 = Release|Any CPU
	EndGlobalSection
	GlobalSection(SolutionProperties) = preSolution
		HideSolutionNode = FALSE
	EndGlobalSection
	GlobalSection(ExtensibilityGlobals) = postSolution
		SolutionGuid = {5A95EFF4-D11E-45C5-AE15-58B09CC17B76}
	EndGlobalSection
EndGlobal
